{
  "name": "oscal-cat",
  "lockfileVersion": 2,
  "requires": true,
  "packages": {
    "": {
      "dependencies": {
        "@ionic/angular": "^6.1.4"
      }
    },
    "node_modules/@angular/common": {
      "version": "13.3.6",
      "resolved": "https://registry.npmjs.org/@angular/common/-/common-13.3.6.tgz",
      "integrity": "sha512-IHWzyNzrvzdE23P7KX3qDgmT+xGpmXKaMLDEM9s8l2opKcMerjdullrYXwLfjFQr9pybnn+uE9fzj9dp0DCmzg==",
      "peer": true,
      "dependencies": {
        "tslib": "^2.3.0"
      },
      "engines": {
        "node": "^12.20.0 || ^14.15.0 || >=16.10.0"
      },
      "peerDependencies": {
        "@angular/core": "13.3.6",
        "rxjs": "^6.5.3 || ^7.4.0"
      }
    },
    "node_modules/@angular/core": {
      "version": "13.3.6",
      "resolved": "https://registry.npmjs.org/@angular/core/-/core-13.3.6.tgz",
      "integrity": "sha512-Le9kWVny8jT8UXoWUFFF641howw8h//PK+juDHDU2M6DpR24zxnBKdTwVvjjtCyfMBMiC50JY5YRnYfpaEC27w==",
      "peer": true,
      "dependencies": {
        "tslib": "^2.3.0"
      },
      "engines": {
        "node": "^12.20.0 || ^14.15.0 || >=16.10.0"
      },
      "peerDependencies": {
        "rxjs": "^6.5.3 || ^7.4.0",
        "zone.js": "~0.11.4"
      }
    },
    "node_modules/@angular/forms": {
      "version": "13.3.6",
      "resolved": "https://registry.npmjs.org/@angular/forms/-/forms-13.3.6.tgz",
      "integrity": "sha512-Sn29oKvyduMmB2GizXs04hOub/iqOPpSZFxEdTFmKVOjEidv76rcHKcHUby2Qwyal22+z1wVQNn3w4l8rySx0A==",
      "peer": true,
      "dependencies": {
        "tslib": "^2.3.0"
      },
      "engines": {
        "node": "^12.20.0 || ^14.15.0 || >=16.10.0"
      },
      "peerDependencies": {
        "@angular/common": "13.3.6",
        "@angular/core": "13.3.6",
        "@angular/platform-browser": "13.3.6",
        "rxjs": "^6.5.3 || ^7.4.0"
      }
    },
    "node_modules/@angular/platform-browser": {
      "version": "13.3.6",
      "resolved": "https://registry.npmjs.org/@angular/platform-browser/-/platform-browser-13.3.6.tgz",
      "integrity": "sha512-ilzlMQe7Vg5fMnzUoe01SwBCjruJy2xna/jdXND4xHyntk2bUtOHOBnkwCiN3uAWDg228iS2tWKDbYGKoiRYmQ==",
      "peer": true,
      "dependencies": {
        "tslib": "^2.3.0"
      },
      "engines": {
        "node": "^12.20.0 || ^14.15.0 || >=16.10.0"
      },
      "peerDependencies": {
        "@angular/animations": "13.3.6",
        "@angular/common": "13.3.6",
        "@angular/core": "13.3.6"
      },
      "peerDependenciesMeta": {
        "@angular/animations": {
          "optional": true
        }
      }
    },
    "node_modules/@angular/router": {
      "version": "13.3.6",
      "resolved": "https://registry.npmjs.org/@angular/router/-/router-13.3.6.tgz",
      "integrity": "sha512-XN3kaDdrqq/2JJbVaOs5pznsfOPwaqO99TADmWtwHlrrqBk7DUW730YijaCE6HZCZSjFpykUGVz3J1aXSULU2Q==",
      "peer": true,
      "dependencies": {
        "tslib": "^2.3.0"
      },
      "engines": {
        "node": "^12.20.0 || ^14.15.0 || >=16.10.0"
      },
      "peerDependencies": {
        "@angular/common": "13.3.6",
        "@angular/core": "13.3.6",
        "@angular/platform-browser": "13.3.6",
        "rxjs": "^6.5.3 || ^7.4.0"
      }
    },
    "node_modules/@ionic/angular": {
      "version": "6.1.13",
      "resolved": "https://registry.npmjs.org/@ionic/angular/-/angular-6.1.13.tgz",
      "integrity": "sha512-oMw0KY8WXFpqBpr5V0Hc3Em073PJgAFASkcGriUBrvlACh1qjXT9/c/I4ENZsUZnDBCtsHiuSrqGaopWkze9tQ==",
      "dependencies": {
        "@ionic/core": "^6.1.13",
        "jsonc-parser": "^3.0.0",
        "tslib": "^2.0.0"
      },
      "peerDependencies": {
        "@angular/core": ">=12.0.0",
        "@angular/forms": ">=12.0.0",
        "@angular/router": ">=12.0.0",
        "rxjs": ">=6.6.0",
        "zone.js": ">=0.11.0"
      }
    },
    "node_modules/@ionic/core": {
      "version": "6.1.13",
      "resolved": "https://registry.npmjs.org/@ionic/core/-/core-6.1.13.tgz",
      "integrity": "sha512-CZ5P1El/bk6ZDKqey/67/ZgpUhVQTr+WyhGxFTnPCsIWg+VfOogQ7rHCkEqWfXJqdzNPsvtH5/Lck4qoD0nCkg==",
      "dependencies": {
        "@stencil/core": "^2.16.0",
        "ionicons": "^6.0.2",
        "tslib": "^2.1.0"
      }
    },
    "node_modules/@stencil/core": {
      "version": "2.17.0",
      "resolved": "https://registry.npmjs.org/@stencil/core/-/core-2.17.0.tgz",
      "integrity": "sha512-KJJH097K2TJlJWj2LANWO0yXCidxOpv1L2MmtYqFxE443t75fxOhtKBZq6zebDaZj2DFGlUtV4pcM/uapfd8TQ==",
      "bin": {
        "stencil": "bin/stencil"
      },
      "engines": {
        "node": ">=12.10.0",
        "npm": ">=6.0.0"
      }
    },
    "node_modules/ionicons": {
      "version": "6.0.2",
      "resolved": "https://registry.npmjs.org/ionicons/-/ionicons-6.0.2.tgz",
      "integrity": "sha512-AyKfFaUKVoBz4eB8XkU7H1R5HFnVsgq5ijqSdbXC0lES9PDK/J6LUQz6XUJq0mVVQF5k9kczSPOLMW3mszG0mQ==",
      "dependencies": {
        "@stencil/core": "~2.16.0"
      }
    },
    "node_modules/ionicons/node_modules/@stencil/core": {
      "version": "2.16.1",
      "resolved": "https://registry.npmjs.org/@stencil/core/-/core-2.16.1.tgz",
      "integrity": "sha512-s/UJp9qxExL3DyQPT70kiuWeb3AdjbUZM+5lEIXn30I2DLcLYPOPXfsoWJODieQywq+3vPiLZeIdkoqjf6jcSw==",
      "bin": {
        "stencil": "bin/stencil"
      },
      "engines": {
        "node": ">=12.10.0",
        "npm": ">=6.0.0"
      }
    },
    "node_modules/jsonc-parser": {
      "version": "3.0.0",
      "resolved": "https://registry.npmjs.org/jsonc-parser/-/jsonc-parser-3.0.0.tgz",
      "integrity": "sha512-fQzRfAbIBnR0IQvftw9FJveWiHp72Fg20giDrHz6TdfB12UH/uue0D3hm57UB5KgAVuniLMCaS8P1IMj9NR7cA=="
    },
    "node_modules/rxjs": {
      "version": "7.5.5",
      "resolved": "https://registry.npmjs.org/rxjs/-/rxjs-7.5.5.tgz",
      "integrity": "sha512-sy+H0pQofO95VDmFLzyaw9xNJU4KTRSwQIGM6+iG3SypAtCiLDzpeG8sJrNCWn2Up9km+KhkvTdbkrdy+yzZdw==",
      "peer": true,
      "dependencies": {
        "tslib": "^2.1.0"
      }
    },
    "node_modules/tslib": {
      "version": "2.4.0",
      "resolved": "https://registry.npmjs.org/tslib/-/tslib-2.4.0.tgz",
      "integrity": "sha512-d6xOpEDfsi2CZVlPQzGeux8XMwLT9hssAsaPYExaQMuYskwb+x1x7J371tWlbBdWHroy99KnVB6qIkUbs5X3UQ=="
    },
    "node_modules/zone.js": {
      "version": "0.11.5",
      "resolved": "https://registry.npmjs.org/zone.js/-/zone.js-0.11.5.tgz",
      "integrity": "sha512-D1/7VxEuQ7xk6z/kAROe4SUbd9CzxY4zOwVGnGHerd/SgLIVU5f4esDzQUsOCeArn933BZfWMKydH7l7dPEp0g==",
      "peer": true,
      "dependencies": {
        "tslib": "^2.3.0"
      }
    }
  },
  "dependencies": {
    "@angular/common": {
      "version": "13.3.6",
      "resolved": "https://registry.npmjs.org/@angular/common/-/common-13.3.6.tgz",
      "integrity": "sha512-IHWzyNzrvzdE23P7KX3qDgmT+xGpmXKaMLDEM9s8l2opKcMerjdullrYXwLfjFQr9pybnn+uE9fzj9dp0DCmzg==",
      "peer": true,
      "requires": {
        "tslib": "^2.3.0"
      }
    },
    "@angular/core": {
      "version": "13.3.6",
      "resolved": "https://registry.npmjs.org/@angular/core/-/core-13.3.6.tgz",
      "integrity": "sha512-Le9kWVny8jT8UXoWUFFF641howw8h//PK+juDHDU2M6DpR24zxnBKdTwVvjjtCyfMBMiC50JY5YRnYfpaEC27w==",
      "peer": true,
      "requires": {
        "tslib": "^2.3.0"
      }
    },
    "@angular/forms": {
      "version": "13.3.6",
      "resolved": "https://registry.npmjs.org/@angular/forms/-/forms-13.3.6.tgz",
      "integrity": "sha512-Sn29oKvyduMmB2GizXs04hOub/iqOPpSZFxEdTFmKVOjEidv76rcHKcHUby2Qwyal22+z1wVQNn3w4l8rySx0A==",
      "peer": true,
      "requires": {
        "tslib": "^2.3.0"
      }
    },
    "@angular/platform-browser": {
      "version": "13.3.6",
      "resolved": "https://registry.npmjs.org/@angular/platform-browser/-/platform-browser-13.3.6.tgz",
      "integrity": "sha512-ilzlMQe7Vg5fMnzUoe01SwBCjruJy2xna/jdXND4xHyntk2bUtOHOBnkwCiN3uAWDg228iS2tWKDbYGKoiRYmQ==",
      "peer": true,
      "requires": {
        "tslib": "^2.3.0"
      }
    },
    "@angular/router": {
      "version": "13.3.6",
      "resolved": "https://registry.npmjs.org/@angular/router/-/router-13.3.6.tgz",
      "integrity": "sha512-XN3kaDdrqq/2JJbVaOs5pznsfOPwaqO99TADmWtwHlrrqBk7DUW730YijaCE6HZCZSjFpykUGVz3J1aXSULU2Q==",
      "peer": true,
      "requires": {
        "tslib": "^2.3.0"
      }
    },
    "@ionic/angular": {
      "version": "6.1.13",
      "resolved": "https://registry.npmjs.org/@ionic/angular/-/angular-6.1.13.tgz",
      "integrity": "sha512-oMw0KY8WXFpqBpr5V0Hc3Em073PJgAFASkcGriUBrvlACh1qjXT9/c/I4ENZsUZnDBCtsHiuSrqGaopWkze9tQ==",
      "requires": {
        "@ionic/core": "^6.1.13",
        "jsonc-parser": "^3.0.0",
        "tslib": "^2.0.0"
      }
    },
    "@ionic/core": {
      "version": "6.1.13",
      "resolved": "https://registry.npmjs.org/@ionic/core/-/core-6.1.13.tgz",
      "integrity": "sha512-CZ5P1El/bk6ZDKqey/67/ZgpUhVQTr+WyhGxFTnPCsIWg+VfOogQ7rHCkEqWfXJqdzNPsvtH5/Lck4qoD0nCkg==",
      "requires": {
        "@stencil/core": "^2.16.0",
        "ionicons": "^6.0.2",
        "tslib": "^2.1.0"
      }
    },
    "@stencil/core": {
      "version": "2.17.0",
      "resolved": "https://registry.npmjs.org/@stencil/core/-/core-2.17.0.tgz",
      "integrity": "sha512-KJJH097K2TJlJWj2LANWO0yXCidxOpv1L2MmtYqFxE443t75fxOhtKBZq6zebDaZj2DFGlUtV4pcM/uapfd8TQ=="
    },
    "ionicons": {
      "version": "6.0.2",
      "resolved": "https://registry.npmjs.org/ionicons/-/ionicons-6.0.2.tgz",
      "integrity": "sha512-AyKfFaUKVoBz4eB8XkU7H1R5HFnVsgq5ijqSdbXC0lES9PDK/J6LUQz6XUJq0mVVQF5k9kczSPOLMW3mszG0mQ==",
      "requires": {
        "@stencil/core": "~2.16.0"
      },
      "dependencies": {
        "@stencil/core": {
          "version": "2.16.1",
          "resolved": "https://registry.npmjs.org/@stencil/core/-/core-2.16.1.tgz",
          "integrity": "sha512-s/UJp9qxExL3DyQPT70kiuWeb3AdjbUZM+5lEIXn30I2DLcLYPOPXfsoWJODieQywq+3vPiLZeIdkoqjf6jcSw=="
        }
      }
    },
    "jsonc-parser": {
      "version": "3.0.0",
      "resolved": "https://registry.npmjs.org/jsonc-parser/-/jsonc-parser-3.0.0.tgz",
      "integrity": "sha512-fQzRfAbIBnR0IQvftw9FJveWiHp72Fg20giDrHz6TdfB12UH/uue0D3hm57UB5KgAVuniLMCaS8P1IMj9NR7cA=="
    },
    "rxjs": {
      "version": "7.5.5",
      "resolved": "https://registry.npmjs.org/rxjs/-/rxjs-7.5.5.tgz",
      "integrity": "sha512-sy+H0pQofO95VDmFLzyaw9xNJU4KTRSwQIGM6+iG3SypAtCiLDzpeG8sJrNCWn2Up9km+KhkvTdbkrdy+yzZdw==",
      "peer": true,
      "requires": {
        "tslib": "^2.1.0"
      }
    },
    "tslib": {
      "version": "2.4.0",
      "resolved": "https://registry.npmjs.org/tslib/-/tslib-2.4.0.tgz",
      "integrity": "sha512-d6xOpEDfsi2CZVlPQzGeux8XMwLT9hssAsaPYExaQMuYskwb+x1x7J371tWlbBdWHroy99KnVB6qIkUbs5X3UQ=="
    },
    "zone.js": {
      "version": "0.11.5",
      "resolved": "https://registry.npmjs.org/zone.js/-/zone.js-0.11.5.tgz",
      "integrity": "sha512-D1/7VxEuQ7xk6z/kAROe4SUbd9CzxY4zOwVGnGHerd/SgLIVU5f4esDzQUsOCeArn933BZfWMKydH7l7dPEp0g==",
      "peer": true,
      "requires": {
        "tslib": "^2.3.0"
      }
    }
  }
}
